
Microsoft Visual Studio Solution File, Format Version 12.00
# Visual Studio Version 17
VisualStudioVersion = 17.0.31903.59
MinimumVisualStudioVersion = 10.0.40219.1
Project("{FAE04EC0-301F-11D3-BF4B-00C04F79EFBC}") = "ContactBook.Api", "ContactBook.Api\ContactBook.Api.csproj", "{EEE579F1-C045-4989-A290-4438891EFFFB}"
EndProject
Project("{FAE04EC0-301F-11D3-BF4B-00C04F79EFBC}") = "ContactBook.ClientWasm", "ContactBook.ClientWasm\ContactBook.ClientWasm.csproj", "{BB1A8041-430F-4893-8600-6EFB8FF2A9BE}"
EndProject
Project("{FAE04EC0-301F-11D3-BF4B-00C04F79EFBC}") = "ContactBook.Shared", "ContactBook.Shared\ContactBook.Shared.csproj", "{A5AB02BF-6250-4ABC-AFEA-CD2439FF80DF}"
EndProject
Project("{FAE04EC0-301F-11D3-BF4B-00C04F79EFBC}") = "ContactBook.ClientMaui", "ContactBook.ClientMaui\ContactBook.ClientMaui.csproj", "{1A6EE1B6-369C-4CB9-A8CB-C8A8A3258ECE}"
EndProject
Project("{FAE04EC0-301F-11D3-BF4B-00C04F79EFBC}") = "ContactBook.Infra", "ContactBook.Infra\ContactBook.Infra.csproj", "{38F57ADC-0929-44D8-9EBB-C4D8B435734D}"
EndProject
Global
	GlobalSection(SolutionConfigurationPlatforms) = preSolution
		Debug|Any CPU = Debug|Any CPU
		Release|Any CPU = Release|Any CPU
	EndGlobalSection
	GlobalSection(SolutionProperties) = preSolution
		HideSolutionNode = FALSE
	EndGlobalSection
	GlobalSection(ProjectConfigurationPlatforms) = postSolution
		{EEE579F1-C045-4989-A290-4438891EFFFB}.Debug|Any CPU.ActiveCfg = Debug|Any CPU
		{EEE579F1-C045-4989-A290-4438891EFFFB}.Debug|Any CPU.Build.0 = Debug|Any CPU
		{EEE579F1-C045-4989-A290-4438891EFFFB}.Release|Any CPU.ActiveCfg = Release|Any CPU
		{EEE579F1-C045-4989-A290-4438891EFFFB}.Release|Any CPU.Build.0 = Release|Any CPU
		{BB1A8041-430F-4893-8600-6EFB8FF2A9BE}.Debug|Any CPU.ActiveCfg = Debug|Any CPU
		{BB1A8041-430F-4893-8600-6EFB8FF2A9BE}.Debug|Any CPU.Build.0 = Debug|Any CPU
		{BB1A8041-430F-4893-8600-6EFB8FF2A9BE}.Release|Any CPU.ActiveCfg = Release|Any CPU
		{BB1A8041-430F-4893-8600-6EFB8FF2A9BE}.Release|Any CPU.Build.0 = Release|Any CPU
		{A5AB02BF-6250-4ABC-AFEA-CD2439FF80DF}.Debug|Any CPU.ActiveCfg = Debug|Any CPU
		{A5AB02BF-6250-4ABC-AFEA-CD2439FF80DF}.Debug|Any CPU.Build.0 = Debug|Any CPU
		{A5AB02BF-6250-4ABC-AFEA-CD2439FF80DF}.Release|Any CPU.ActiveCfg = Release|Any CPU
		{A5AB02BF-6250-4ABC-AFEA-CD2439FF80DF}.Release|Any CPU.Build.0 = Release|Any CPU
		{1A6EE1B6-369C-4CB9-A8CB-C8A8A3258ECE}.Debug|Any CPU.ActiveCfg = Debug|Any CPU
		{1A6EE1B6-369C-4CB9-A8CB-C8A8A3258ECE}.Debug|Any CPU.Build.0 = Debug|Any CPU
		{1A6EE1B6-369C-4CB9-A8CB-C8A8A3258ECE}.Release|Any CPU.ActiveCfg = Release|Any CPU
		{1A6EE1B6-369C-4CB9-A8CB-C8A8A3258ECE}.Release|Any CPU.Build.0 = Release|Any CPU
		{38F57ADC-0929-44D8-9EBB-C4D8B435734D}.Debug|Any CPU.ActiveCfg = Debug|Any CPU
		{38F57ADC-0929-44D8-9EBB-C4D8B435734D}.Debug|Any CPU.Build.0 = Debug|Any CPU
		{38F57ADC-0929-44D8-9EBB-C4D8B435734D}.Release|Any CPU.ActiveCfg = Release|Any CPU
		{38F57ADC-0929-44D8-9EBB-C4D8B435734D}.Release|Any CPU.Build.0 = Release|Any CPU
	EndGlobalSection
EndGlobal
